
Microsoft Visual Studio Solution File, Format Version 12.00
# Visual Studio 15
Project("{FAE04EC0-301F-11D3-BF4B-00C04F79EFBC}") = "Assembly-CSharp", "Assembly-CSharp.csproj", "{75E49E74-4799-6A3D-92ED-43DD2854F186}"
EndProject
Global
	GlobalSection(SolutionConfigurationPlatforms) = preSolution
		Debug|Any CPU = Debug|Any CPU
		Release|Any CPU = Release|Any CPU
	EndGlobalSection
	GlobalSection(ProjectConfigurationPlatforms) = postSolution
		{75E49E74-4799-6A3D-92ED-43DD2854F186}.Debug|Any CPU.ActiveCfg = Debug|Any CPU
		{75E49E74-4799-6A3D-92ED-43DD2854F186}.Debug|Any CPU.Build.0 = Debug|Any CPU
		{75E49E74-4799-6A3D-92ED-43DD2854F186}.Release|Any CPU.ActiveCfg = Release|Any CPU
		{75E49E74-4799-6A3D-92ED-43DD2854F186}.Release|Any CPU.Build.0 = Release|Any CPU
	EndGlobalSection
	GlobalSection(SolutionProperties) = preSolution
		HideSolutionNode = FALSE
	EndGlobalSection
EndGlobal
